
Microsoft Visual Studio Solution File, Format Version 12.00
# Visual Studio 15
VisualStudioVersion = 15.0.27130.2024
MinimumVisualStudioVersion = 10.0.40219.1
Project("{FAE04EC0-301F-11D3-BF4B-00C04F79EFBC}") = "Calculator", "Calculator\Calculator.csproj", "{1E693725-B37C-4230-A8B6-D9B20C7F9814}"
EndProject
Global
	GlobalSection(SolutionConfigurationPlatforms) = preSolution
		Debug|Any CPU = Debug|Any CPU
		Release|Any CPU = Release|Any CPU
	EndGlobalSection
	GlobalSection(ProjectConfigurationPlatforms) = postSolution
		{1E693725-B37C-4230-A8B6-D9B20C7F9814}.Debug|Any CPU.ActiveCfg = Debug|Any CPU
		{1E693725-B37C-4230-A8B6-D9B20C7F9814}.Debug|Any CPU.Build.0 = Debug|Any CPU
		{1E693725-B37C-4230-A8B6-D9B20C7F9814}.Release|Any CPU.ActiveCfg = Release|Any CPU
		{1E693725-B37C-4230-A8B6-D9B20C7F9814}.Release|Any CPU.Build.0 = Release|Any CPU
	EndGlobalSection
	GlobalSection(SolutionProperties) = preSolution
		HideSolutionNode = FALSE
	EndGlobalSection
	GlobalSection(ExtensibilityGlobals) = postSolution
		SolutionGuid = {E3A82C56-CD0A-411B-9DE6-18803A28D4D7}
	EndGlobalSection
EndGlobal
